
Microsoft Visual Studio Solution File, Format Version 12.00
# Visual Studio Version 17
VisualStudioVersion = 17.14.36414.22 d17.14
MinimumVisualStudioVersion = 10.0.40219.1
Project("{FAE04EC0-301F-11D3-BF4B-00C04F79EFBC}") = "BMI-Calculator", "WinFormsApp1\BMI-Calculator.csproj", "{56190171-DE79-4AA1-AA05-0BAD1785B6D8}"
EndProject
Project("{FAE04EC0-301F-11D3-BF4B-00C04F79EFBC}") = "Calculator-App", "Calculator-App\Calculator-App.csproj", "{86BDECF6-3295-4A00-9953-D379B63D2D0A}"
EndProject
Project("{FAE04EC0-301F-11D3-BF4B-00C04F79EFBC}") = "Tip-Calculator", "Tip-Calculator\Tip-Calculator.csproj", "{2F2E28FC-A2CE-4AE4-8D84-93415A3D898C}"
EndProject
Global
	GlobalSection(SolutionConfigurationPlatforms) = preSolution
		Debug|Any CPU = Debug|Any CPU
		Release|Any CPU = Release|Any CPU
	EndGlobalSection
	GlobalSection(ProjectConfigurationPlatforms) = postSolution
		{56190171-DE79-4AA1-AA05-0BAD1785B6D8}.Debug|Any CPU.ActiveCfg = Debug|Any CPU
		{56190171-DE79-4AA1-AA05-0BAD1785B6D8}.Debug|Any CPU.Build.0 = Debug|Any CPU
		{56190171-DE79-4AA1-AA05-0BAD1785B6D8}.Release|Any CPU.ActiveCfg = Release|Any CPU
		{56190171-DE79-4AA1-AA05-0BAD1785B6D8}.Release|Any CPU.Build.0 = Release|Any CPU
		{86BDECF6-3295-4A00-9953-D379B63D2D0A}.Debug|Any CPU.ActiveCfg = Debug|Any CPU
		{86BDECF6-3295-4A00-9953-D379B63D2D0A}.Debug|Any CPU.Build.0 = Debug|Any CPU
		{86BDECF6-3295-4A00-9953-D379B63D2D0A}.Release|Any CPU.ActiveCfg = Release|Any CPU
		{86BDECF6-3295-4A00-9953-D379B63D2D0A}.Release|Any CPU.Build.0 = Release|Any CPU
		{2F2E28FC-A2CE-4AE4-8D84-93415A3D898C}.Debug|Any CPU.ActiveCfg = Debug|Any CPU
		{2F2E28FC-A2CE-4AE4-8D84-93415A3D898C}.Debug|Any CPU.Build.0 = Debug|Any CPU
		{2F2E28FC-A2CE-4AE4-8D84-93415A3D898C}.Release|Any CPU.ActiveCfg = Release|Any CPU
		{2F2E28FC-A2CE-4AE4-8D84-93415A3D898C}.Release|Any CPU.Build.0 = Release|Any CPU
	EndGlobalSection
	GlobalSection(SolutionProperties) = preSolution
		HideSolutionNode = FALSE
	EndGlobalSection
	GlobalSection(ExtensibilityGlobals) = postSolution
		SolutionGuid = {26D58D60-3FD1-4976-9B34-BE87B9F4AAE1}
	EndGlobalSection
EndGlobal
